
Microsoft Visual Studio Solution File, Format Version 12.00
# Visual Studio Version 16
VisualStudioVersion = 16.0.31624.102
MinimumVisualStudioVersion = 10.0.40219.1
Project("{FAE04EC0-301F-11D3-BF4B-00C04F79EFBC}") = "Homework4 ed", "Homework4 ed\Homework4 ed.csproj", "{A6FD4446-443A-4CF1-9C1E-147EB2D5ACDE}"
EndProject
Global
	GlobalSection(SolutionConfigurationPlatforms) = preSolution
		Debug|Any CPU = Debug|Any CPU
		Release|Any CPU = Release|Any CPU
	EndGlobalSection
	GlobalSection(ProjectConfigurationPlatforms) = postSolution
		{A6FD4446-443A-4CF1-9C1E-147EB2D5ACDE}.Debug|Any CPU.ActiveCfg = Debug|Any CPU
		{A6FD4446-443A-4CF1-9C1E-147EB2D5ACDE}.Debug|Any CPU.Build.0 = Debug|Any CPU
		{A6FD4446-443A-4CF1-9C1E-147EB2D5ACDE}.Release|Any CPU.ActiveCfg = Release|Any CPU
		{A6FD4446-443A-4CF1-9C1E-147EB2D5ACDE}.Release|Any CPU.Build.0 = Release|Any CPU
	EndGlobalSection
	GlobalSection(SolutionProperties) = preSolution
		HideSolutionNode = FALSE
	EndGlobalSection
	GlobalSection(ExtensibilityGlobals) = postSolution
		SolutionGuid = {6269D327-3FB9-4560-99AC-9AA68EE3A5A6}
	EndGlobalSection
EndGlobal
