
Microsoft Visual Studio Solution File, Format Version 12.00
# Visual Studio Version 16
VisualStudioVersion = 16.0.31829.152
MinimumVisualStudioVersion = 10.0.40219.1
Project("{FAE04EC0-301F-11D3-BF4B-00C04F79EFBC}") = "Commodity", "Products\Commodity.csproj", "{14C676B4-CD21-4B57-94FD-A2C7127AFABF}"
EndProject
Project("{FAE04EC0-301F-11D3-BF4B-00C04F79EFBC}") = "Commodiry.UnitTests", "Commodiry.UnitTests\Commodiry.UnitTests.csproj", "{1E254943-5D68-48DC-9214-3D3CF1FB0BE7}"
EndProject
Global
	GlobalSection(SolutionConfigurationPlatforms) = preSolution
		Debug|Any CPU = Debug|Any CPU
		Release|Any CPU = Release|Any CPU
	EndGlobalSection
	GlobalSection(ProjectConfigurationPlatforms) = postSolution
		{14C676B4-CD21-4B57-94FD-A2C7127AFABF}.Debug|Any CPU.ActiveCfg = Debug|Any CPU
		{14C676B4-CD21-4B57-94FD-A2C7127AFABF}.Debug|Any CPU.Build.0 = Debug|Any CPU
		{14C676B4-CD21-4B57-94FD-A2C7127AFABF}.Release|Any CPU.ActiveCfg = Release|Any CPU
		{14C676B4-CD21-4B57-94FD-A2C7127AFABF}.Release|Any CPU.Build.0 = Release|Any CPU
		{1E254943-5D68-48DC-9214-3D3CF1FB0BE7}.Debug|Any CPU.ActiveCfg = Debug|Any CPU
		{1E254943-5D68-48DC-9214-3D3CF1FB0BE7}.Debug|Any CPU.Build.0 = Debug|Any CPU
		{1E254943-5D68-48DC-9214-3D3CF1FB0BE7}.Release|Any CPU.ActiveCfg = Release|Any CPU
		{1E254943-5D68-48DC-9214-3D3CF1FB0BE7}.Release|Any CPU.Build.0 = Release|Any CPU
	EndGlobalSection
	GlobalSection(SolutionProperties) = preSolution
		HideSolutionNode = FALSE
	EndGlobalSection
	GlobalSection(ExtensibilityGlobals) = postSolution
		SolutionGuid = {420E697D-D04D-4558-8DA6-A71F4EB92010}
	EndGlobalSection
EndGlobal
