
Microsoft Visual Studio Solution File, Format Version 12.00
# Visual Studio Version 16
VisualStudioVersion = 16.0.31829.152
MinimumVisualStudioVersion = 10.0.40219.1
Project("{FAE04EC0-301F-11D3-BF4B-00C04F79EFBC}") = "ZachetBudaevIvan", "ZachetBudaevIvan\ZachetBudaevIvan.csproj", "{D15AAE53-F918-4AD1-BF2B-5EAB73A23C76}"
EndProject
Global
	GlobalSection(SolutionConfigurationPlatforms) = preSolution
		Debug|Any CPU = Debug|Any CPU
		Release|Any CPU = Release|Any CPU
	EndGlobalSection
	GlobalSection(ProjectConfigurationPlatforms) = postSolution
		{D15AAE53-F918-4AD1-BF2B-5EAB73A23C76}.Debug|Any CPU.ActiveCfg = Debug|Any CPU
		{D15AAE53-F918-4AD1-BF2B-5EAB73A23C76}.Debug|Any CPU.Build.0 = Debug|Any CPU
		{D15AAE53-F918-4AD1-BF2B-5EAB73A23C76}.Release|Any CPU.ActiveCfg = Release|Any CPU
		{D15AAE53-F918-4AD1-BF2B-5EAB73A23C76}.Release|Any CPU.Build.0 = Release|Any CPU
	EndGlobalSection
	GlobalSection(SolutionProperties) = preSolution
		HideSolutionNode = FALSE
	EndGlobalSection
	GlobalSection(ExtensibilityGlobals) = postSolution
		SolutionGuid = {AD100438-8876-439E-BB61-6C7160A35EC1}
	EndGlobalSection
EndGlobal
